
Microsoft Visual Studio Solution File, Format Version 12.00
# Visual Studio Version 16
VisualStudioVersion = 16.0.30803.129
MinimumVisualStudioVersion = 10.0.40219.1
Project("{9A19103F-16F7-4668-BE54-9A1E7A4F7556}") = "ContosoCrafts.WebSite.Clain", "ContosoCrafts.WebSite.Clain\ContosoCrafts.WebSite.Clain.csproj", "{A90F56F8-473D-4887-9DC0-E8EF78CC543C}"
EndProject
Global
	GlobalSection(SolutionConfigurationPlatforms) = preSolution
		Debug|Any CPU = Debug|Any CPU
		Release|Any CPU = Release|Any CPU
	EndGlobalSection
	GlobalSection(ProjectConfigurationPlatforms) = postSolution
		{A90F56F8-473D-4887-9DC0-E8EF78CC543C}.Debug|Any CPU.ActiveCfg = Debug|Any CPU
		{A90F56F8-473D-4887-9DC0-E8EF78CC543C}.Debug|Any CPU.Build.0 = Debug|Any CPU
		{A90F56F8-473D-4887-9DC0-E8EF78CC543C}.Release|Any CPU.ActiveCfg = Release|Any CPU
		{A90F56F8-473D-4887-9DC0-E8EF78CC543C}.Release|Any CPU.Build.0 = Release|Any CPU
	EndGlobalSection
	GlobalSection(SolutionProperties) = preSolution
		HideSolutionNode = FALSE
	EndGlobalSection
	GlobalSection(ExtensibilityGlobals) = postSolution
		SolutionGuid = {EE50385C-26DE-43C5-B9AB-1D0B06EF08FE}
	EndGlobalSection
EndGlobal
